
Microsoft Visual Studio Solution File, Format Version 12.00
# Visual Studio Version 17
VisualStudioVersion = 17.12.35527.113 d17.12
MinimumVisualStudioVersion = 10.0.40219.1
Project("{FAE04EC0-301F-11D3-BF4B-00C04F79EFBC}") = "OtelCollection", "OtelCollection\OtelCollection.csproj", "{B8D00C7A-10A2-4F31-A22F-9FA711BD59DC}"
EndProject
Global
	GlobalSection(SolutionConfigurationPlatforms) = preSolution
		Debug|Any CPU = Debug|Any CPU
		Release|Any CPU = Release|Any CPU
	EndGlobalSection
	GlobalSection(ProjectConfigurationPlatforms) = postSolution
		{B8D00C7A-10A2-4F31-A22F-9FA711BD59DC}.Debug|Any CPU.ActiveCfg = Debug|Any CPU
		{B8D00C7A-10A2-4F31-A22F-9FA711BD59DC}.Debug|Any CPU.Build.0 = Debug|Any CPU
		{B8D00C7A-10A2-4F31-A22F-9FA711BD59DC}.Release|Any CPU.ActiveCfg = Release|Any CPU
		{B8D00C7A-10A2-4F31-A22F-9FA711BD59DC}.Release|Any CPU.Build.0 = Release|Any CPU
	EndGlobalSection
	GlobalSection(SolutionProperties) = preSolution
		HideSolutionNode = FALSE
	EndGlobalSection
EndGlobal
